
Microsoft Visual Studio Solution File, Format Version 12.00
# Visual Studio Version 16
VisualStudioVersion = 16.0.31205.134
MinimumVisualStudioVersion = 10.0.40219.1
Project("{2150E333-8FDC-42A3-9474-1A3956D46DE8}") = "Services", "Services", "{ED3CF5CA-126B-4C1E-9B95-C9EF6EF325E5}"
EndProject
Project("{2150E333-8FDC-42A3-9474-1A3956D46DE8}") = "Catalog", "Catalog", "{34D2F981-90B8-4F63-BBD1-AC704B1F970D}"
EndProject
Project("{9A19103F-16F7-4668-BE54-9A1E7A4F7556}") = "Catalog.Api", "Services\Catalog\Catalog.Api\Catalog.Api.csproj", "{0AA8102A-9980-488B-895B-ED00C631D214}"
EndProject
Project("{E53339B2-1760-4266-BCC7-CA923CBCF16C}") = "docker-compose", "docker-compose.dcproj", "{A4B3C8FC-9112-4133-A717-E66D886EA662}"
EndProject
Project("{2150E333-8FDC-42A3-9474-1A3956D46DE8}") = "Basket", "Basket", "{C12A79F5-6087-483B-9DC4-B57B7CB3870F}"
EndProject
Project("{9A19103F-16F7-4668-BE54-9A1E7A4F7556}") = "Basket.API", "Services\Basket\Basket.API\Basket.API.csproj", "{EB940DC7-7E55-4B02-BA76-F2340A596D40}"
EndProject
Project("{2150E333-8FDC-42A3-9474-1A3956D46DE8}") = "Discount", "Discount", "{1C726B29-BF4C-4572-BA70-64D836998B55}"
EndProject
Project("{9A19103F-16F7-4668-BE54-9A1E7A4F7556}") = "Discount.API", "Services\Discount\Discount.API\Discount.API.csproj", "{8A2E4E20-5528-4A67-A351-9FD70B4380DC}"
EndProject
Project("{9A19103F-16F7-4668-BE54-9A1E7A4F7556}") = "Discount.Grpc", "Services\Discount\Discount.Grpc\Discount.Grpc.csproj", "{5E5C8671-41E3-45AE-BAE4-C806C7F695DF}"
EndProject
Project("{2150E333-8FDC-42A3-9474-1A3956D46DE8}") = "Ordering", "Ordering", "{79BD6E84-8CD0-49AA-8AD6-FAC2912B67A4}"
EndProject
Project("{9A19103F-16F7-4668-BE54-9A1E7A4F7556}") = "Ordering.API", "Services\Ordering\Ordering.API\Ordering.API.csproj", "{178F6FEE-4DB7-4F3C-8808-1C7E2F3904A0}"
EndProject
Project("{9A19103F-16F7-4668-BE54-9A1E7A4F7556}") = "Ordering.Domain", "Services\Ordering\Ordering.Domain\Ordering.Domain.csproj", "{BEAB97F1-93E7-4A53-BA13-683CD0429611}"
EndProject
Project("{9A19103F-16F7-4668-BE54-9A1E7A4F7556}") = "Ordering.Application", "Services\Ordering\Ordering.Application\Ordering.Application.csproj", "{9A11D1B8-B3DB-4789-B55A-CA9B3C0D6C9B}"
EndProject
Project("{9A19103F-16F7-4668-BE54-9A1E7A4F7556}") = "Ordering.Infrastructure", "Services\Ordering\Ordering.Infrastructure\Ordering.Infrastructure.csproj", "{E265157D-4C11-4D09-A8AA-A8AE0C62DE4C}"
EndProject
Project("{2150E333-8FDC-42A3-9474-1A3956D46DE8}") = "BuildingBlocks", "BuildingBlocks", "{61DACD88-9332-45AD-8CA8-1AF4AC565D0E}"
EndProject
Project("{FAE04EC0-301F-11D3-BF4B-00C04F79EFBC}") = "EventBus.Messages", "BuildingBlocks\EventBus.Messages\EventBus.Messages.csproj", "{E01D1C48-5B28-4A37-A606-16CB79422162}"
EndProject
Global
	GlobalSection(SolutionConfigurationPlatforms) = preSolution
		Debug|Any CPU = Debug|Any CPU
		Release|Any CPU = Release|Any CPU
	EndGlobalSection
	GlobalSection(ProjectConfigurationPlatforms) = postSolution
		{0AA8102A-9980-488B-895B-ED00C631D214}.Debug|Any CPU.ActiveCfg = Debug|Any CPU
		{0AA8102A-9980-488B-895B-ED00C631D214}.Debug|Any CPU.Build.0 = Debug|Any CPU
		{0AA8102A-9980-488B-895B-ED00C631D214}.Release|Any CPU.ActiveCfg = Release|Any CPU
		{0AA8102A-9980-488B-895B-ED00C631D214}.Release|Any CPU.Build.0 = Release|Any CPU
		{A4B3C8FC-9112-4133-A717-E66D886EA662}.Debug|Any CPU.ActiveCfg = Debug|Any CPU
		{A4B3C8FC-9112-4133-A717-E66D886EA662}.Debug|Any CPU.Build.0 = Debug|Any CPU
		{A4B3C8FC-9112-4133-A717-E66D886EA662}.Release|Any CPU.ActiveCfg = Release|Any CPU
		{A4B3C8FC-9112-4133-A717-E66D886EA662}.Release|Any CPU.Build.0 = Release|Any CPU
		{EB940DC7-7E55-4B02-BA76-F2340A596D40}.Debug|Any CPU.ActiveCfg = Debug|Any CPU
		{EB940DC7-7E55-4B02-BA76-F2340A596D40}.Debug|Any CPU.Build.0 = Debug|Any CPU
		{EB940DC7-7E55-4B02-BA76-F2340A596D40}.Release|Any CPU.ActiveCfg = Release|Any CPU
		{EB940DC7-7E55-4B02-BA76-F2340A596D40}.Release|Any CPU.Build.0 = Release|Any CPU
		{8A2E4E20-5528-4A67-A351-9FD70B4380DC}.Debug|Any CPU.ActiveCfg = Debug|Any CPU
		{8A2E4E20-5528-4A67-A351-9FD70B4380DC}.Debug|Any CPU.Build.0 = Debug|Any CPU
		{8A2E4E20-5528-4A67-A351-9FD70B4380DC}.Release|Any CPU.ActiveCfg = Release|Any CPU
		{8A2E4E20-5528-4A67-A351-9FD70B4380DC}.Release|Any CPU.Build.0 = Release|Any CPU
		{5E5C8671-41E3-45AE-BAE4-C806C7F695DF}.Debug|Any CPU.ActiveCfg = Debug|Any CPU
		{5E5C8671-41E3-45AE-BAE4-C806C7F695DF}.Debug|Any CPU.Build.0 = Debug|Any CPU
		{5E5C8671-41E3-45AE-BAE4-C806C7F695DF}.Release|Any CPU.ActiveCfg = Release|Any CPU
		{5E5C8671-41E3-45AE-BAE4-C806C7F695DF}.Release|Any CPU.Build.0 = Release|Any CPU
		{178F6FEE-4DB7-4F3C-8808-1C7E2F3904A0}.Debug|Any CPU.ActiveCfg = Debug|Any CPU
		{178F6FEE-4DB7-4F3C-8808-1C7E2F3904A0}.Debug|Any CPU.Build.0 = Debug|Any CPU
		{178F6FEE-4DB7-4F3C-8808-1C7E2F3904A0}.Release|Any CPU.ActiveCfg = Release|Any CPU
		{178F6FEE-4DB7-4F3C-8808-1C7E2F3904A0}.Release|Any CPU.Build.0 = Release|Any CPU
		{BEAB97F1-93E7-4A53-BA13-683CD0429611}.Debug|Any CPU.ActiveCfg = Debug|Any CPU
		{BEAB97F1-93E7-4A53-BA13-683CD0429611}.Debug|Any CPU.Build.0 = Debug|Any CPU
		{BEAB97F1-93E7-4A53-BA13-683CD0429611}.Release|Any CPU.ActiveCfg = Release|Any CPU
		{BEAB97F1-93E7-4A53-BA13-683CD0429611}.Release|Any CPU.Build.0 = Release|Any CPU
		{9A11D1B8-B3DB-4789-B55A-CA9B3C0D6C9B}.Debug|Any CPU.ActiveCfg = Debug|Any CPU
		{9A11D1B8-B3DB-4789-B55A-CA9B3C0D6C9B}.Debug|Any CPU.Build.0 = Debug|Any CPU
		{9A11D1B8-B3DB-4789-B55A-CA9B3C0D6C9B}.Release|Any CPU.ActiveCfg = Release|Any CPU
		{9A11D1B8-B3DB-4789-B55A-CA9B3C0D6C9B}.Release|Any CPU.Build.0 = Release|Any CPU
		{E265157D-4C11-4D09-A8AA-A8AE0C62DE4C}.Debug|Any CPU.ActiveCfg = Debug|Any CPU
		{E265157D-4C11-4D09-A8AA-A8AE0C62DE4C}.Debug|Any CPU.Build.0 = Debug|Any CPU
		{E265157D-4C11-4D09-A8AA-A8AE0C62DE4C}.Release|Any CPU.ActiveCfg = Release|Any CPU
		{E265157D-4C11-4D09-A8AA-A8AE0C62DE4C}.Release|Any CPU.Build.0 = Release|Any CPU
		{E01D1C48-5B28-4A37-A606-16CB79422162}.Debug|Any CPU.ActiveCfg = Debug|Any CPU
		{E01D1C48-5B28-4A37-A606-16CB79422162}.Debug|Any CPU.Build.0 = Debug|Any CPU
		{E01D1C48-5B28-4A37-A606-16CB79422162}.Release|Any CPU.ActiveCfg = Release|Any CPU
		{E01D1C48-5B28-4A37-A606-16CB79422162}.Release|Any CPU.Build.0 = Release|Any CPU
	EndGlobalSection
	GlobalSection(SolutionProperties) = preSolution
		HideSolutionNode = FALSE
	EndGlobalSection
	GlobalSection(NestedProjects) = preSolution
		{34D2F981-90B8-4F63-BBD1-AC704B1F970D} = {ED3CF5CA-126B-4C1E-9B95-C9EF6EF325E5}
		{0AA8102A-9980-488B-895B-ED00C631D214} = {34D2F981-90B8-4F63-BBD1-AC704B1F970D}
		{C12A79F5-6087-483B-9DC4-B57B7CB3870F} = {ED3CF5CA-126B-4C1E-9B95-C9EF6EF325E5}
		{EB940DC7-7E55-4B02-BA76-F2340A596D40} = {C12A79F5-6087-483B-9DC4-B57B7CB3870F}
		{1C726B29-BF4C-4572-BA70-64D836998B55} = {ED3CF5CA-126B-4C1E-9B95-C9EF6EF325E5}
		{8A2E4E20-5528-4A67-A351-9FD70B4380DC} = {1C726B29-BF4C-4572-BA70-64D836998B55}
		{5E5C8671-41E3-45AE-BAE4-C806C7F695DF} = {1C726B29-BF4C-4572-BA70-64D836998B55}
		{79BD6E84-8CD0-49AA-8AD6-FAC2912B67A4} = {ED3CF5CA-126B-4C1E-9B95-C9EF6EF325E5}
		{178F6FEE-4DB7-4F3C-8808-1C7E2F3904A0} = {79BD6E84-8CD0-49AA-8AD6-FAC2912B67A4}
		{BEAB97F1-93E7-4A53-BA13-683CD0429611} = {79BD6E84-8CD0-49AA-8AD6-FAC2912B67A4}
		{9A11D1B8-B3DB-4789-B55A-CA9B3C0D6C9B} = {79BD6E84-8CD0-49AA-8AD6-FAC2912B67A4}
		{E265157D-4C11-4D09-A8AA-A8AE0C62DE4C} = {79BD6E84-8CD0-49AA-8AD6-FAC2912B67A4}
		{E01D1C48-5B28-4A37-A606-16CB79422162} = {61DACD88-9332-45AD-8CA8-1AF4AC565D0E}
	EndGlobalSection
	GlobalSection(ExtensibilityGlobals) = postSolution
		SolutionGuid = {ED3B6E74-8156-452E-A5EE-23A900477B2A}
	EndGlobalSection
EndGlobal
